
Microsoft Visual Studio Solution File, Format Version 12.00
# Visual Studio Version 17
VisualStudioVersion = 17.6.33815.320
MinimumVisualStudioVersion = 10.0.40219.1
Project("{FAE04EC0-301F-11D3-BF4B-00C04F79EFBC}") = "Calculator", "Calculator\Calculator.csproj", "{27E542D5-D7BF-41A6-A641-D34A24C2276E}"
EndProject
Global
	GlobalSection(SolutionConfigurationPlatforms) = preSolution
		Debug|Any CPU = Debug|Any CPU
		Release|Any CPU = Release|Any CPU
	EndGlobalSection
	GlobalSection(ProjectConfigurationPlatforms) = postSolution
		{27E542D5-D7BF-41A6-A641-D34A24C2276E}.Debug|Any CPU.ActiveCfg = Debug|Any CPU
		{27E542D5-D7BF-41A6-A641-D34A24C2276E}.Debug|Any CPU.Build.0 = Debug|Any CPU
		{27E542D5-D7BF-41A6-A641-D34A24C2276E}.Release|Any CPU.ActiveCfg = Release|Any CPU
		{27E542D5-D7BF-41A6-A641-D34A24C2276E}.Release|Any CPU.Build.0 = Release|Any CPU
	EndGlobalSection
	GlobalSection(SolutionProperties) = preSolution
		HideSolutionNode = FALSE
	EndGlobalSection
	GlobalSection(ExtensibilityGlobals) = postSolution
		SolutionGuid = {D187DAE8-2EC5-44DD-8D2B-7319CC5E89B1}
	EndGlobalSection
EndGlobal
